github.com/beanstalkd/go-beanstalk v0.2.0 h1:6UOJugnu47uNB2jJO/lxyDgeD1Yds7owYi1USELqexA=
github.com/beanstalkd/go-beanstalk v0.2.0/go.mod h1:/G8YTyChOtpOArwLTQPY1CHB+i212+av35bkPXXj56Y=
github.com/joho/godotenv v1.5.1 h1:7eLL/+HRGLY0ldzfGMeQkb7vMd0as4CfYvUVzLqw0N0=
github.com/joho/godotenv v1.5.1/go.mod h1:f4LDr5Voq0i2e/R5DDNOoa2zzDfwtkZa6DnEwAbqwq4=
